{
  "version": 4,
  "terraform_version": "1.6.3",
  "serial": 203,
  "lineage": "9e395dbd-4fc9-ca6b-d8a4-a05f6abc0e8d",
  "outputs": {
    "ami_id": {
      "value": "ami-0872c164f38dcc49f",
      "type": "string"
    },
    "ec2_private_ip": {
      "value": "10.0.100.73",
      "type": "string",
      "sensitive": true
    },
    "ec2_public_ip": {
      "value": "34.220.142.62",
      "type": "string"
    },
    "vpc_id": {
      "value": "vpc-05f60286cd9854748",
      "type": "string"
    }
  },
  "resources": [
    {
      "mode": "data",
      "type": "aws_ami",
      "name": "latest_amazon_linux2",
      "provider": "provider[\"registry.terraform.io/hashicorp/aws\"]",
      "instances": [
        {
          "schema_version": 0,
          "attributes": {
            "architecture": "x86_64",
            "arn": "arn:aws:ec2:us-west-2::image/ami-0872c164f38dcc49f",
            "block_device_mappings": [
              {
                "device_name": "/dev/xvda",
                "ebs": {
                  "delete_on_termination": "true",
                  "encrypted": "false",
                  "iops": "0",
                  "snapshot_id": "snap-001c614f9d26384b4",
                  "throughput": "0",
                  "volume_size": "8",
                  "volume_type": "gp2"
                },
                "no_device": "",
                "virtual_name": ""
              }
            ],
            "boot_mode": "",
            "creation_date": "2023-11-01T21:53:06.000Z",
            "deprecation_time": "2025-07-01T00:00:00.000Z",
            "description": "Amazon Linux 2 Kernel 5.10 AMI 2.0.20231101.0 x86_64 HVM gp2",
            "ena_support": true,
            "executable_users": null,
            "filter": [
              {
                "name": "architecture",
                "values": [
                  "x86_64"
                ]
              },
              {
                "name": "name",
                "values": [
                  "amzn2-ami-kernel-*-x86_64-gp2"
                ]
              }
            ],
            "hypervisor": "xen",
            "id": "ami-0872c164f38dcc49f",
            "image_id": "ami-0872c164f38dcc49f",
            "image_location": "amazon/amzn2-ami-kernel-5.10-hvm-2.0.20231101.0-x86_64-gp2",
            "image_owner_alias": "amazon",
            "image_type": "machine",
            "imds_support": "",
            "include_deprecated": false,
            "kernel_id": "",
            "most_recent": true,
            "name": "amzn2-ami-kernel-5.10-hvm-2.0.20231101.0-x86_64-gp2",
            "name_regex": null,
            "owner_id": "137112412989",
            "owners": [
              "amazon"
            ],
            "platform": "",
            "platform_details": "Linux/UNIX",
            "product_codes": [],
            "public": true,
            "ramdisk_id": "",
            "root_device_name": "/dev/xvda",
            "root_device_type": "ebs",
            "root_snapshot_id": "snap-001c614f9d26384b4",
            "sriov_net_support": "simple",
            "state": "available",
            "state_reason": {
              "code": "UNSET",
              "message": "UNSET"
            },
            "tags": {},
            "timeouts": null,
            "tpm_support": "",
            "usage_operation": "RunInstances",
            "virtualization_type": "hvm"
          },
          "sensitive_attributes": []
        }
      ]
    },
    {
      "mode": "managed",
      "type": "aws_default_route_table",
      "name": "main_vpc_default_rt",
      "provider": "provider[\"registry.terraform.io/hashicorp/aws\"]",
      "instances": [
        {
          "schema_version": 0,
          "attributes": {
            "arn": "arn:aws:ec2:us-west-2:857274713704:route-table/rtb-09cc8fa0401d1b3af",
            "default_route_table_id": "rtb-09cc8fa0401d1b3af",
            "id": "rtb-09cc8fa0401d1b3af",
            "owner_id": "857274713704",
            "propagating_vgws": [],
            "route": [
              {
                "cidr_block": "0.0.0.0/0",
                "core_network_arn": "",
                "destination_prefix_list_id": "",
                "egress_only_gateway_id": "",
                "gateway_id": "igw-00c474b23654f10ac",
                "instance_id": "",
                "ipv6_cidr_block": "",
                "nat_gateway_id": "",
                "network_interface_id": "",
                "transit_gateway_id": "",
                "vpc_endpoint_id": "",
                "vpc_peering_connection_id": ""
              }
            ],
            "tags": {
              "Name": "my-default-rt"
            },
            "tags_all": {
              "Name": "my-default-rt"
            },
            "timeouts": null,
            "vpc_id": "vpc-05f60286cd9854748"
          },
          "sensitive_attributes": [],
          "private": "eyJlMmJmYjczMC1lY2FhLTExZTYtOGY4OC0zNDM2M2JjN2M0YzAiOnsiY3JlYXRlIjoxMjAwMDAwMDAwMDAsInVwZGF0ZSI6MTIwMDAwMDAwMDAwfX0=",
          "dependencies": [
            "aws_internet_gateway.my_web_igw",
            "aws_vpc.main"
          ]
        }
      ]
    },
    {
      "mode": "managed",
      "type": "aws_default_security_group",
      "name": "default_sec_group",
      "provider": "provider[\"registry.terraform.io/hashicorp/aws\"]",
      "instances": [
        {
          "schema_version": 1,
          "attributes": {
            "arn": "arn:aws:ec2:us-west-2:857274713704:security-group/sg-0064f972d28cb3226",
            "description": "default VPC security group",
            "egress": [
              {
                "cidr_blocks": [
                  "0.0.0.0/0"
                ],
                "description": "",
                "from_port": 0,
                "ipv6_cidr_blocks": [],
                "prefix_list_ids": [],
                "protocol": "-1",
                "security_groups": [],
                "self": false,
                "to_port": 0
              }
            ],
            "id": "sg-0064f972d28cb3226",
            "ingress": [
              {
                "cidr_blocks": [
                  "0.0.0.0/0"
                ],
                "description": "",
                "from_port": 22,
                "ipv6_cidr_blocks": [],
                "prefix_list_ids": [],
                "protocol": "tcp",
                "security_groups": [],
                "self": false,
                "to_port": 22
              },
              {
                "cidr_blocks": [
                  "0.0.0.0/0"
                ],
                "description": "",
                "from_port": 5000,
                "ipv6_cidr_blocks": [],
                "prefix_list_ids": [],
                "protocol": "tcp",
                "security_groups": [],
                "self": false,
                "to_port": 5000
              },
              {
                "cidr_blocks": [
                  "0.0.0.0/0"
                ],
                "description": "",
                "from_port": 8080,
                "ipv6_cidr_blocks": [],
                "prefix_list_ids": [],
                "protocol": "tcp",
                "security_groups": [],
                "self": false,
                "to_port": 8080
              },
              {
                "cidr_blocks": [
                  "0.0.0.0/0"
                ],
                "description": "",
                "from_port": 80,
                "ipv6_cidr_blocks": [],
                "prefix_list_ids": [],
                "protocol": "tcp",
                "security_groups": [],
                "self": false,
                "to_port": 80
              }
            ],
            "name": "default",
            "name_prefix": "",
            "owner_id": "857274713704",
            "revoke_rules_on_delete": false,
            "tags": {
              "Name": "Default Security Group"
            },
            "tags_all": {
              "Name": "Default Security Group"
            },
            "vpc_id": "vpc-05f60286cd9854748"
          },
          "sensitive_attributes": [],
          "private": "eyJzY2hlbWFfdmVyc2lvbiI6IjEifQ==",
          "dependencies": [
            "aws_vpc.main"
          ]
        }
      ]
    },
    {
      "mode": "managed",
      "type": "aws_instance",
      "name": "web-server",
      "provider": "provider[\"registry.terraform.io/hashicorp/aws\"]",
      "instances": [
        {
          "schema_version": 1,
          "attributes": {
            "ami": "ami-0872c164f38dcc49f",
            "arn": "arn:aws:ec2:us-west-2:857274713704:instance/i-0e7c2c7060f4bc36f",
            "associate_public_ip_address": true,
            "availability_zone": "us-west-2a",
            "capacity_reservation_specification": [
              {
                "capacity_reservation_preference": "open",
                "capacity_reservation_target": []
              }
            ],
            "cpu_core_count": 1,
            "cpu_options": [
              {
                "amd_sev_snp": "",
                "core_count": 1,
                "threads_per_core": 1
              }
            ],
            "cpu_threads_per_core": 1,
            "credit_specification": [
              {
                "cpu_credits": "standard"
              }
            ],
            "disable_api_stop": false,
            "disable_api_termination": false,
            "ebs_block_device": [],
            "ebs_optimized": false,
            "enclave_options": [
              {
                "enabled": false
              }
            ],
            "ephemeral_block_device": [],
            "get_password_data": false,
            "hibernation": false,
            "host_id": "",
            "host_resource_group_arn": null,
            "iam_instance_profile": "",
            "id": "i-0e7c2c7060f4bc36f",
            "instance_initiated_shutdown_behavior": "stop",
            "instance_state": "running",
            "instance_type": "t2.micro",
            "ipv6_address_count": 0,
            "ipv6_addresses": [],
            "key_name": "terraform_rsa",
            "launch_template": [],
            "maintenance_options": [
              {
                "auto_recovery": "default"
              }
            ],
            "metadata_options": [
              {
                "http_endpoint": "enabled",
                "http_put_response_hop_limit": 1,
                "http_tokens": "optional",
                "instance_metadata_tags": "disabled"
              }
            ],
            "monitoring": false,
            "network_interface": [],
            "outpost_arn": "",
            "password_data": "",
            "placement_group": "",
            "placement_partition_number": 0,
            "primary_network_interface_id": "eni-095f5c56dbf5903eb",
            "private_dns": "ip-10-0-100-73.us-west-2.compute.internal",
            "private_dns_name_options": [
              {
                "enable_resource_name_dns_a_record": false,
                "enable_resource_name_dns_aaaa_record": false,
                "hostname_type": "ip-name"
              }
            ],
            "private_ip": "10.0.100.73",
            "public_dns": "",
            "public_ip": "34.220.142.62",
            "root_block_device": [
              {
                "delete_on_termination": true,
                "device_name": "/dev/xvda",
                "encrypted": false,
                "iops": 100,
                "kms_key_id": "",
                "tags": {},
                "throughput": 0,
                "volume_id": "vol-00d6ecec9030e4159",
                "volume_size": 8,
                "volume_type": "gp2"
              }
            ],
            "secondary_private_ips": [],
            "security_groups": [],
            "source_dest_check": true,
            "subnet_id": "subnet-0a2edf7022ee0dff3",
            "tags": {
              "Name": "My Public Web Server"
            },
            "tags_all": {
              "Name": "My Public Web Server"
            },
            "tenancy": "default",
            "timeouts": null,
            "user_data": "e17a46b76e77e37ac80ce9a7ca29cfd17c4425e8",
            "user_data_base64": null,
            "user_data_replace_on_change": false,
            "volume_tags": null,
            "vpc_security_group_ids": [
              "sg-0064f972d28cb3226"
            ]
          },
          "sensitive_attributes": [],
          "private": "eyJlMmJmYjczMC1lY2FhLTExZTYtOGY4OC0zNDM2M2JjN2M0YzAiOnsiY3JlYXRlIjo2MDAwMDAwMDAwMDAsImRlbGV0ZSI6MTIwMDAwMDAwMDAwMCwidXBkYXRlIjo2MDAwMDAwMDAwMDB9LCJzY2hlbWFfdmVyc2lvbiI6IjEifQ==",
          "dependencies": [
            "aws_default_security_group.default_sec_group",
            "aws_key_pair.terraform_ssh_pair",
            "aws_subnet.web",
            "aws_vpc.main",
            "data.aws_ami.latest_amazon_linux2"
          ]
        }
      ]
    },
    {
      "mode": "managed",
      "type": "aws_internet_gateway",
      "name": "my_web_igw",
      "provider": "provider[\"registry.terraform.io/hashicorp/aws\"]",
      "instances": [
        {
          "schema_version": 0,
          "attributes": {
            "arn": "arn:aws:ec2:us-west-2:857274713704:internet-gateway/igw-00c474b23654f10ac",
            "id": "igw-00c474b23654f10ac",
            "owner_id": "857274713704",
            "tags": {
              "Name": "main vpc IGW"
            },
            "tags_all": {
              "Name": "main vpc IGW"
            },
            "timeouts": null,
            "vpc_id": "vpc-05f60286cd9854748"
          },
          "sensitive_attributes": [],
          "private": "eyJlMmJmYjczMC1lY2FhLTExZTYtOGY4OC0zNDM2M2JjN2M0YzAiOnsiY3JlYXRlIjoxMjAwMDAwMDAwMDAwLCJkZWxldGUiOjEyMDAwMDAwMDAwMDAsInVwZGF0ZSI6MTIwMDAwMDAwMDAwMH19",
          "dependencies": [
            "aws_vpc.main"
          ]
        }
      ]
    },
    {
      "mode": "managed",
      "type": "aws_key_pair",
      "name": "terraform_ssh_pair",
      "provider": "provider[\"registry.terraform.io/hashicorp/aws\"]",
      "instances": [
        {
          "schema_version": 1,
          "attributes": {
            "arn": "arn:aws:ec2:us-west-2:857274713704:key-pair/terraform_rsa",
            "fingerprint": "ab:1d:43:54:ee:89:b9:38:f1:61:62:01:cb:91:1c:07",
            "id": "terraform_rsa",
            "key_name": "terraform_rsa",
            "key_name_prefix": "",
            "key_pair_id": "key-0654f57a917b136e5",
            "key_type": "rsa",
            "public_key": "ssh-rsa AAAAB3NzaC1yc2EAAAADAQABAAABAQCvBMcv8aEkvCbD9RDEcBviLaJiVuoMBKPMNvGeqkoJTcgqdhIhEozZZjJu1ovMKTU5oyvcRoytdABRbqizK1KS0kSmpBHu66/ulVDmjkdj06oEUZ3EZPbd2nwAPpofKwMeA06CAAAbrWyON2oWfPRrps5yCjl7I1tbb1HMZTlVUNqbwaCAOhZ7nkwbkRUPZoGTfklnJCCW02fGf0ozSsCGPNUeCD/iYxoHSLIrAYCHFpbZMv+jdCbiTYqtmKvVTQH7P57cZ3LLb4C6whMqP7Zz4qh1Pm3Reqb0hbJcgY+/HmUCwAq+sRMFu4QkXdjvhFhYoKuvdshO15shLwohah5P terraform_rsa",
            "tags": {},
            "tags_all": {}
          },
          "sensitive_attributes": [],
          "private": "eyJzY2hlbWFfdmVyc2lvbiI6IjEifQ=="
        }
      ]
    },
    {
      "mode": "managed",
      "type": "aws_subnet",
      "name": "web",
      "provider": "provider[\"registry.terraform.io/hashicorp/aws\"]",
      "instances": [
        {
          "schema_version": 1,
          "attributes": {
            "arn": "arn:aws:ec2:us-west-2:857274713704:subnet/subnet-0a2edf7022ee0dff3",
            "assign_ipv6_address_on_creation": false,
            "availability_zone": "us-west-2a",
            "availability_zone_id": "usw2-az1",
            "cidr_block": "10.0.100.0/24",
            "customer_owned_ipv4_pool": "",
            "enable_dns64": false,
            "enable_lni_at_device_index": 0,
            "enable_resource_name_dns_a_record_on_launch": false,
            "enable_resource_name_dns_aaaa_record_on_launch": false,
            "id": "subnet-0a2edf7022ee0dff3",
            "ipv6_cidr_block": "",
            "ipv6_cidr_block_association_id": "",
            "ipv6_native": false,
            "map_customer_owned_ip_on_launch": false,
            "map_public_ip_on_launch": false,
            "outpost_arn": "",
            "owner_id": "857274713704",
            "private_dns_hostname_type_on_launch": "ip-name",
            "tags": {
              "Name": "Web Subnet"
            },
            "tags_all": {
              "Name": "Web Subnet"
            },
            "timeouts": null,
            "vpc_id": "vpc-05f60286cd9854748"
          },
          "sensitive_attributes": [],
          "private": "eyJlMmJmYjczMC1lY2FhLTExZTYtOGY4OC0zNDM2M2JjN2M0YzAiOnsiY3JlYXRlIjo2MDAwMDAwMDAwMDAsImRlbGV0ZSI6MTIwMDAwMDAwMDAwMH0sInNjaGVtYV92ZXJzaW9uIjoiMSJ9",
          "dependencies": [
            "aws_vpc.main"
          ]
        }
      ]
    },
    {
      "mode": "managed",
      "type": "aws_vpc",
      "name": "main",
      "provider": "provider[\"registry.terraform.io/hashicorp/aws\"]",
      "instances": [
        {
          "schema_version": 1,
          "attributes": {
            "arn": "arn:aws:ec2:us-west-2:857274713704:vpc/vpc-05f60286cd9854748",
            "assign_generated_ipv6_cidr_block": false,
            "cidr_block": "10.0.0.0/16",
            "default_network_acl_id": "acl-0be92d9f7b9aede9c",
            "default_route_table_id": "rtb-09cc8fa0401d1b3af",
            "default_security_group_id": "sg-0064f972d28cb3226",
            "dhcp_options_id": "dopt-0e4a70107f39acea8",
            "enable_classiclink": false,
            "enable_classiclink_dns_support": false,
            "enable_dns_hostnames": false,
            "enable_dns_support": true,
            "enable_network_address_usage_metrics": false,
            "id": "vpc-05f60286cd9854748",
            "instance_tenancy": "default",
            "ipv4_ipam_pool_id": null,
            "ipv4_netmask_length": null,
            "ipv6_association_id": "",
            "ipv6_cidr_block": "",
            "ipv6_cidr_block_network_border_group": "",
            "ipv6_ipam_pool_id": "",
            "ipv6_netmask_length": 0,
            "main_route_table_id": "rtb-09cc8fa0401d1b3af",
            "owner_id": "857274713704",
            "tags": {
              "Name": "Production main vpc"
            },
            "tags_all": {
              "Name": "Production main vpc"
            }
          },
          "sensitive_attributes": [],
          "private": "eyJzY2hlbWFfdmVyc2lvbiI6IjEifQ=="
        }
      ]
    }
  ],
  "check_results": null
}
